
Microsoft Visual Studio Solution File, Format Version 12.00
# Visual Studio 15
VisualStudioVersion = 15.0.28307.779
MinimumVisualStudioVersion = 10.0.40219.1
Project("{2150E333-8FDC-42A3-9474-1A3956D46DE8}") = "1-Presetation", "1-Presetation", "{583D3D7B-1C40-41D1-94AD-33ABD49EDFE7}"
EndProject
Project("{2150E333-8FDC-42A3-9474-1A3956D46DE8}") = "2-Service", "2-Service", "{70D79E2E-32A2-4602-BA32-28D4151AE5C8}"
EndProject
Project("{2150E333-8FDC-42A3-9474-1A3956D46DE8}") = "Solution_Item", "Solution_Item", "{CFD14C2C-950A-4249-B3E1-5939924C9A47}"
EndProject
Project("{2150E333-8FDC-42A3-9474-1A3956D46DE8}") = "src", "src", "{E19B7665-E699-40B8-B088-4C1EBE6202D8}"
EndProject
Project("{2150E333-8FDC-42A3-9474-1A3956D46DE8}") = "3-Applications", "3-Applications", "{7B45FF71-54B9-4403-9CB3-A72AE7ADF88B}"
EndProject
Project("{2150E333-8FDC-42A3-9474-1A3956D46DE8}") = "4-Domain", "4-Domain", "{9B9C21A8-5EFF-46FB-86AA-EAE023693305}"
EndProject
Project("{2150E333-8FDC-42A3-9474-1A3956D46DE8}") = "5-Infra", "5-Infra", "{20C48E73-AB33-4C0A-A11B-630D4D5D6C0E}"
EndProject
Project("{2150E333-8FDC-42A3-9474-1A3956D46DE8}") = "5.1-Data", "5.1-Data", "{578F776D-6DD4-4452-B547-CEAE90A633B6}"
EndProject
Project("{2150E333-8FDC-42A3-9474-1A3956D46DE8}") = "5.2-CrossCutting", "5.2-CrossCutting", "{71F6D38B-A3EE-4247-9EDC-D3B401658EA8}"
EndProject
Project("{2150E333-8FDC-42A3-9474-1A3956D46DE8}") = "5.2.1-CrossCutting.Bus", "5.2.1-CrossCutting.Bus", "{21861E0C-82B7-46F4-A856-8A0B39CA1346}"
EndProject
Project("{2150E333-8FDC-42A3-9474-1A3956D46DE8}") = "5.2.3-CrossCutting.IoC", "5.2.3-CrossCutting.IoC", "{B0A4F9CE-0472-4DD8-BB18-65D5FB4470EE}"
EndProject
Project("{2150E333-8FDC-42A3-9474-1A3956D46DE8}") = "5.2.2-CrossCutting.Identity", "5.2.2-CrossCutting.Identity", "{34BDF11E-1295-44A4-B2F4-B2829A50EE09}"
EndProject
Project("{FAE04EC0-301F-11D3-BF4B-00C04F79EFBC}") = "JP_Desenvolvimento.UI.Web", "src\JP_Desenvolvimento.UI.Web\JP_Desenvolvimento.UI.Web.csproj", "{CDE26867-A449-44D3-A8E8-CCBCC5E0DC9D}"
EndProject
Project("{2150E333-8FDC-42A3-9474-1A3956D46DE8}") = "4.1-Domain", "4.1-Domain", "{45CE1C85-FC9E-422A-A20C-370ACF357C6A}"
EndProject
Project("{2150E333-8FDC-42A3-9474-1A3956D46DE8}") = "4.2-Domain.Core", "4.2-Domain.Core", "{D6955820-0B7C-4876-8F01-97E25DB39F87}"
EndProject
Project("{FAE04EC0-301F-11D3-BF4B-00C04F79EFBC}") = "JP_Desenvolvimento.Domain.Core", "src\JP_Desenvolvimento.Domain.Core\JP_Desenvolvimento.Domain.Core.csproj", "{7E5F302E-114D-4454-B0C0-BBC310A33AF2}"
EndProject
Project("{FAE04EC0-301F-11D3-BF4B-00C04F79EFBC}") = "JP_Desenvolvimento.Infra.Data", "src\JP_Desenvolvimento.Infra.Data\JP_Desenvolvimento.Infra.Data.csproj", "{B23599ED-B842-49D9-B2C4-0EAC60E2982D}"
EndProject
Project("{FAE04EC0-301F-11D3-BF4B-00C04F79EFBC}") = "JP_Desenvolvimento.Infra.CrossCutting.Bus", "src\JP_Desenvolvimento.Infra.CrossCutting.Bus\JP_Desenvolvimento.Infra.CrossCutting.Bus.csproj", "{D2447E1B-F26A-4ED3-B555-18008652D8BF}"
EndProject
Project("{FAE04EC0-301F-11D3-BF4B-00C04F79EFBC}") = "JP_Desenvolvimento.Infra.CrossCutting.Identity", "src\JP_Desenvolvimento.CrossCutting.Identity\JP_Desenvolvimento.Infra.CrossCutting.Identity.csproj", "{CD7EE445-3C91-46EB-9E65-71FDDDE226F6}"
EndProject
Project("{FAE04EC0-301F-11D3-BF4B-00C04F79EFBC}") = "JP_Desenvolvimento.Infra.CrossCutting.Ioc", "src\JP_Desenvolvimento.CrossCutting.Ioc\JP_Desenvolvimento.Infra.CrossCutting.Ioc.csproj", "{826D5F9B-5B0F-483D-9875-28A1B203EC17}"
EndProject
Project("{FAE04EC0-301F-11D3-BF4B-00C04F79EFBC}") = "JP_Desenvolvimento.Application", "src\JP_Desenvolvimento.Application\JP_Desenvolvimento.Application.csproj", "{49FC114C-5EEA-41FA-BDB0-626AC4DA834E}"
EndProject
Project("{9A19103F-16F7-4668-BE54-9A1E7A4F7556}") = "JP_Desenvolvimento.Domain", "src\JP_Desenvolvimento.Domain\JP_Desenvolvimento.Domain.csproj", "{3C8845C8-4FAB-44AF-A6CA-A6B048B9E54D}"
EndProject
Project("{FAE04EC0-301F-11D3-BF4B-00C04F79EFBC}") = "JP_Desenvolvimento.Service.Api", "src\JP_Desenvolvimento.Service.Api\JP_Desenvolvimento.Service.Api.csproj", "{F1138EC1-64B6-49F0-8FD3-5BFFA6CD20DE}"
EndProject
Global
	GlobalSection(SolutionConfigurationPlatforms) = preSolution
		Debug|Any CPU = Debug|Any CPU
		Release|Any CPU = Release|Any CPU
	EndGlobalSection
	GlobalSection(ProjectConfigurationPlatforms) = postSolution
		{CDE26867-A449-44D3-A8E8-CCBCC5E0DC9D}.Debug|Any CPU.ActiveCfg = Debug|Any CPU
		{CDE26867-A449-44D3-A8E8-CCBCC5E0DC9D}.Debug|Any CPU.Build.0 = Debug|Any CPU
		{CDE26867-A449-44D3-A8E8-CCBCC5E0DC9D}.Release|Any CPU.ActiveCfg = Release|Any CPU
		{CDE26867-A449-44D3-A8E8-CCBCC5E0DC9D}.Release|Any CPU.Build.0 = Release|Any CPU
		{7E5F302E-114D-4454-B0C0-BBC310A33AF2}.Debug|Any CPU.ActiveCfg = Debug|Any CPU
		{7E5F302E-114D-4454-B0C0-BBC310A33AF2}.Debug|Any CPU.Build.0 = Debug|Any CPU
		{7E5F302E-114D-4454-B0C0-BBC310A33AF2}.Release|Any CPU.ActiveCfg = Release|Any CPU
		{7E5F302E-114D-4454-B0C0-BBC310A33AF2}.Release|Any CPU.Build.0 = Release|Any CPU
		{B23599ED-B842-49D9-B2C4-0EAC60E2982D}.Debug|Any CPU.ActiveCfg = Debug|Any CPU
		{B23599ED-B842-49D9-B2C4-0EAC60E2982D}.Debug|Any CPU.Build.0 = Debug|Any CPU
		{B23599ED-B842-49D9-B2C4-0EAC60E2982D}.Release|Any CPU.ActiveCfg = Release|Any CPU
		{B23599ED-B842-49D9-B2C4-0EAC60E2982D}.Release|Any CPU.Build.0 = Release|Any CPU
		{D2447E1B-F26A-4ED3-B555-18008652D8BF}.Debug|Any CPU.ActiveCfg = Debug|Any CPU
		{D2447E1B-F26A-4ED3-B555-18008652D8BF}.Debug|Any CPU.Build.0 = Debug|Any CPU
		{D2447E1B-F26A-4ED3-B555-18008652D8BF}.Release|Any CPU.ActiveCfg = Release|Any CPU
		{D2447E1B-F26A-4ED3-B555-18008652D8BF}.Release|Any CPU.Build.0 = Release|Any CPU
		{CD7EE445-3C91-46EB-9E65-71FDDDE226F6}.Debug|Any CPU.ActiveCfg = Debug|Any CPU
		{CD7EE445-3C91-46EB-9E65-71FDDDE226F6}.Debug|Any CPU.Build.0 = Debug|Any CPU
		{CD7EE445-3C91-46EB-9E65-71FDDDE226F6}.Release|Any CPU.ActiveCfg = Release|Any CPU
		{CD7EE445-3C91-46EB-9E65-71FDDDE226F6}.Release|Any CPU.Build.0 = Release|Any CPU
		{826D5F9B-5B0F-483D-9875-28A1B203EC17}.Debug|Any CPU.ActiveCfg = Debug|Any CPU
		{826D5F9B-5B0F-483D-9875-28A1B203EC17}.Debug|Any CPU.Build.0 = Debug|Any CPU
		{826D5F9B-5B0F-483D-9875-28A1B203EC17}.Release|Any CPU.ActiveCfg = Release|Any CPU
		{826D5F9B-5B0F-483D-9875-28A1B203EC17}.Release|Any CPU.Build.0 = Release|Any CPU
		{49FC114C-5EEA-41FA-BDB0-626AC4DA834E}.Debug|Any CPU.ActiveCfg = Debug|Any CPU
		{49FC114C-5EEA-41FA-BDB0-626AC4DA834E}.Debug|Any CPU.Build.0 = Debug|Any CPU
		{49FC114C-5EEA-41FA-BDB0-626AC4DA834E}.Release|Any CPU.ActiveCfg = Release|Any CPU
		{49FC114C-5EEA-41FA-BDB0-626AC4DA834E}.Release|Any CPU.Build.0 = Release|Any CPU
		{3C8845C8-4FAB-44AF-A6CA-A6B048B9E54D}.Debug|Any CPU.ActiveCfg = Debug|Any CPU
		{3C8845C8-4FAB-44AF-A6CA-A6B048B9E54D}.Debug|Any CPU.Build.0 = Debug|Any CPU
		{3C8845C8-4FAB-44AF-A6CA-A6B048B9E54D}.Release|Any CPU.ActiveCfg = Release|Any CPU
		{3C8845C8-4FAB-44AF-A6CA-A6B048B9E54D}.Release|Any CPU.Build.0 = Release|Any CPU
		{F1138EC1-64B6-49F0-8FD3-5BFFA6CD20DE}.Debug|Any CPU.ActiveCfg = Debug|Any CPU
		{F1138EC1-64B6-49F0-8FD3-5BFFA6CD20DE}.Debug|Any CPU.Build.0 = Debug|Any CPU
		{F1138EC1-64B6-49F0-8FD3-5BFFA6CD20DE}.Release|Any CPU.ActiveCfg = Release|Any CPU
		{F1138EC1-64B6-49F0-8FD3-5BFFA6CD20DE}.Release|Any CPU.Build.0 = Release|Any CPU
	EndGlobalSection
	GlobalSection(SolutionProperties) = preSolution
		HideSolutionNode = FALSE
	EndGlobalSection
	GlobalSection(NestedProjects) = preSolution
		{583D3D7B-1C40-41D1-94AD-33ABD49EDFE7} = {E19B7665-E699-40B8-B088-4C1EBE6202D8}
		{70D79E2E-32A2-4602-BA32-28D4151AE5C8} = {E19B7665-E699-40B8-B088-4C1EBE6202D8}
		{7B45FF71-54B9-4403-9CB3-A72AE7ADF88B} = {E19B7665-E699-40B8-B088-4C1EBE6202D8}
		{9B9C21A8-5EFF-46FB-86AA-EAE023693305} = {E19B7665-E699-40B8-B088-4C1EBE6202D8}
		{20C48E73-AB33-4C0A-A11B-630D4D5D6C0E} = {E19B7665-E699-40B8-B088-4C1EBE6202D8}
		{578F776D-6DD4-4452-B547-CEAE90A633B6} = {20C48E73-AB33-4C0A-A11B-630D4D5D6C0E}
		{71F6D38B-A3EE-4247-9EDC-D3B401658EA8} = {20C48E73-AB33-4C0A-A11B-630D4D5D6C0E}
		{21861E0C-82B7-46F4-A856-8A0B39CA1346} = {71F6D38B-A3EE-4247-9EDC-D3B401658EA8}
		{B0A4F9CE-0472-4DD8-BB18-65D5FB4470EE} = {71F6D38B-A3EE-4247-9EDC-D3B401658EA8}
		{34BDF11E-1295-44A4-B2F4-B2829A50EE09} = {71F6D38B-A3EE-4247-9EDC-D3B401658EA8}
		{CDE26867-A449-44D3-A8E8-CCBCC5E0DC9D} = {583D3D7B-1C40-41D1-94AD-33ABD49EDFE7}
		{45CE1C85-FC9E-422A-A20C-370ACF357C6A} = {9B9C21A8-5EFF-46FB-86AA-EAE023693305}
		{D6955820-0B7C-4876-8F01-97E25DB39F87} = {9B9C21A8-5EFF-46FB-86AA-EAE023693305}
		{7E5F302E-114D-4454-B0C0-BBC310A33AF2} = {D6955820-0B7C-4876-8F01-97E25DB39F87}
		{B23599ED-B842-49D9-B2C4-0EAC60E2982D} = {578F776D-6DD4-4452-B547-CEAE90A633B6}
		{D2447E1B-F26A-4ED3-B555-18008652D8BF} = {21861E0C-82B7-46F4-A856-8A0B39CA1346}
		{CD7EE445-3C91-46EB-9E65-71FDDDE226F6} = {34BDF11E-1295-44A4-B2F4-B2829A50EE09}
		{826D5F9B-5B0F-483D-9875-28A1B203EC17} = {B0A4F9CE-0472-4DD8-BB18-65D5FB4470EE}
		{49FC114C-5EEA-41FA-BDB0-626AC4DA834E} = {7B45FF71-54B9-4403-9CB3-A72AE7ADF88B}
		{3C8845C8-4FAB-44AF-A6CA-A6B048B9E54D} = {45CE1C85-FC9E-422A-A20C-370ACF357C6A}
		{F1138EC1-64B6-49F0-8FD3-5BFFA6CD20DE} = {70D79E2E-32A2-4602-BA32-28D4151AE5C8}
	EndGlobalSection
	GlobalSection(ExtensibilityGlobals) = postSolution
		SolutionGuid = {96855386-74A8-471F-AE12-0DEC48D55C21}
	EndGlobalSection
EndGlobal
